
Microsoft Visual Studio Solution File, Format Version 12.00
# Visual Studio Express 2013 for Web
VisualStudioVersion = 12.0.31101.0
MinimumVisualStudioVersion = 10.0.40219.1
Project("{FAE04EC0-301F-11D3-BF4B-00C04F79EFBC}") = "HseqCentral", "HseqCentral\HseqCentral.csproj", "{EE1E6EF0-C8C9-453F-B2BB-D076E9309941}"
EndProject
Project("{FAE04EC0-301F-11D3-BF4B-00C04F79EFBC}") = "HseqCentral.Tests", "HseqCentral.Tests\HseqCentral.Tests.csproj", "{EDCA5EE0-E612-4D2B-817E-49EFC939952E}"
EndProject
Global
	GlobalSection(SolutionConfigurationPlatforms) = preSolution
		Debug|Any CPU = Debug|Any CPU
		Release|Any CPU = Release|Any CPU
	EndGlobalSection
	GlobalSection(ProjectConfigurationPlatforms) = postSolution
		{EE1E6EF0-C8C9-453F-B2BB-D076E9309941}.Debug|Any CPU.ActiveCfg = Debug|Any CPU
		{EE1E6EF0-C8C9-453F-B2BB-D076E9309941}.Debug|Any CPU.Build.0 = Debug|Any CPU
		{EE1E6EF0-C8C9-453F-B2BB-D076E9309941}.Release|Any CPU.ActiveCfg = Release|Any CPU
		{EE1E6EF0-C8C9-453F-B2BB-D076E9309941}.Release|Any CPU.Build.0 = Release|Any CPU
		{EDCA5EE0-E612-4D2B-817E-49EFC939952E}.Debug|Any CPU.ActiveCfg = Debug|Any CPU
		{EDCA5EE0-E612-4D2B-817E-49EFC939952E}.Debug|Any CPU.Build.0 = Debug|Any CPU
		{EDCA5EE0-E612-4D2B-817E-49EFC939952E}.Release|Any CPU.ActiveCfg = Release|Any CPU
		{EDCA5EE0-E612-4D2B-817E-49EFC939952E}.Release|Any CPU.Build.0 = Release|Any CPU
	EndGlobalSection
	GlobalSection(SolutionProperties) = preSolution
		HideSolutionNode = FALSE
	EndGlobalSection
EndGlobal
